
Microsoft Visual Studio Solution File, Format Version 12.00
# Visual Studio 2013
VisualStudioVersion = 12.0.30324.0
MinimumVisualStudioVersion = 10.0.40219.1
Project("{FAE04EC0-301F-11D3-BF4B-00C04F79EFBC}") = "NoveliserWPF", "NoveliserWPF\NoveliserWPF.csproj", "{282340CB-861B-4A11-9B34-C74110883F7D}"
EndProject
Project("{FAE04EC0-301F-11D3-BF4B-00C04F79EFBC}") = "NoveliserWPF.Tests", "NoveliserWPF.Tests\NoveliserWPF.Tests.csproj", "{AF05EFEF-22B5-4876-9706-D27311535F60}"
EndProject
Global
	GlobalSection(SolutionConfigurationPlatforms) = preSolution
		Debug|Any CPU = Debug|Any CPU
		Release|Any CPU = Release|Any CPU
	EndGlobalSection
	GlobalSection(ProjectConfigurationPlatforms) = postSolution
		{282340CB-861B-4A11-9B34-C74110883F7D}.Debug|Any CPU.ActiveCfg = Debug|Any CPU
		{282340CB-861B-4A11-9B34-C74110883F7D}.Debug|Any CPU.Build.0 = Debug|Any CPU
		{282340CB-861B-4A11-9B34-C74110883F7D}.Release|Any CPU.ActiveCfg = Release|Any CPU
		{282340CB-861B-4A11-9B34-C74110883F7D}.Release|Any CPU.Build.0 = Release|Any CPU
		{AF05EFEF-22B5-4876-9706-D27311535F60}.Debug|Any CPU.ActiveCfg = Debug|Any CPU
		{AF05EFEF-22B5-4876-9706-D27311535F60}.Debug|Any CPU.Build.0 = Debug|Any CPU
		{AF05EFEF-22B5-4876-9706-D27311535F60}.Release|Any CPU.ActiveCfg = Release|Any CPU
		{AF05EFEF-22B5-4876-9706-D27311535F60}.Release|Any CPU.Build.0 = Release|Any CPU
	EndGlobalSection
	GlobalSection(SolutionProperties) = preSolution
		HideSolutionNode = FALSE
	EndGlobalSection
EndGlobal
